
Microsoft Visual Studio Solution File, Format Version 12.00
# Visual Studio 15
VisualStudioVersion = 15.0.27428.1
MinimumVisualStudioVersion = 10.0.40219.1
Project("{FAE04EC0-301F-11D3-BF4B-00C04F79EFBC}") = "SelfDescribingMethods", "SelfDescribingMethods\SelfDescribingMethods.csproj", "{DF289AA7-00A4-4C21-B70F-6AE744EB07FC}"
EndProject
Global
	GlobalSection(SolutionConfigurationPlatforms) = preSolution
		Debug|Any CPU = Debug|Any CPU
		Release|Any CPU = Release|Any CPU
	EndGlobalSection
	GlobalSection(ProjectConfigurationPlatforms) = postSolution
		{DF289AA7-00A4-4C21-B70F-6AE744EB07FC}.Debug|Any CPU.ActiveCfg = Debug|Any CPU
		{DF289AA7-00A4-4C21-B70F-6AE744EB07FC}.Debug|Any CPU.Build.0 = Debug|Any CPU
		{DF289AA7-00A4-4C21-B70F-6AE744EB07FC}.Release|Any CPU.ActiveCfg = Release|Any CPU
		{DF289AA7-00A4-4C21-B70F-6AE744EB07FC}.Release|Any CPU.Build.0 = Release|Any CPU
	EndGlobalSection
	GlobalSection(SolutionProperties) = preSolution
		HideSolutionNode = FALSE
	EndGlobalSection
	GlobalSection(ExtensibilityGlobals) = postSolution
		SolutionGuid = {365F2E22-32E2-4AD0-BBFB-243FC6A8D992}
	EndGlobalSection
EndGlobal
